
Microsoft Visual Studio Solution File, Format Version 12.00
# Visual Studio Version 17
VisualStudioVersion = 17.0.32112.339
MinimumVisualStudioVersion = 10.0.40219.1
Project("{FAE04EC0-301F-11D3-BF4B-00C04F79EFBC}") = "FunctionAppService", "FunctionAppService\FunctionAppService.csproj", "{C30FE4C1-B551-4970-962C-A2C360BDD2FC}"
EndProject
Project("{FAE04EC0-301F-11D3-BF4B-00C04F79EFBC}") = "FunctionAppService.Test", "FunctionAppService.Test\FunctionAppService.Test.csproj", "{DD79A90A-860A-45E0-82CE-5F252FF4401F}"
EndProject
Global
	GlobalSection(SolutionConfigurationPlatforms) = preSolution
		Debug|Any CPU = Debug|Any CPU
		Release|Any CPU = Release|Any CPU
	EndGlobalSection
	GlobalSection(ProjectConfigurationPlatforms) = postSolution
		{C30FE4C1-B551-4970-962C-A2C360BDD2FC}.Debug|Any CPU.ActiveCfg = Debug|Any CPU
		{C30FE4C1-B551-4970-962C-A2C360BDD2FC}.Debug|Any CPU.Build.0 = Debug|Any CPU
		{C30FE4C1-B551-4970-962C-A2C360BDD2FC}.Release|Any CPU.ActiveCfg = Release|Any CPU
		{C30FE4C1-B551-4970-962C-A2C360BDD2FC}.Release|Any CPU.Build.0 = Release|Any CPU
		{DD79A90A-860A-45E0-82CE-5F252FF4401F}.Debug|Any CPU.ActiveCfg = Debug|Any CPU
		{DD79A90A-860A-45E0-82CE-5F252FF4401F}.Debug|Any CPU.Build.0 = Debug|Any CPU
		{DD79A90A-860A-45E0-82CE-5F252FF4401F}.Release|Any CPU.ActiveCfg = Release|Any CPU
		{DD79A90A-860A-45E0-82CE-5F252FF4401F}.Release|Any CPU.Build.0 = Release|Any CPU
	EndGlobalSection
	GlobalSection(SolutionProperties) = preSolution
		HideSolutionNode = FALSE
	EndGlobalSection
	GlobalSection(ExtensibilityGlobals) = postSolution
		SolutionGuid = {2CCE0CD6-BF23-4415-8188-A69635971C88}
	EndGlobalSection
EndGlobal
